<?xml version="1.0" encoding="utf-8"?>
<Project ToolsVersion="4.0" xmlns="http://schemas.microsoft.com/developer/msbuild/2003">
  <ItemGroup>
    <ClCompile Include="main.cpp" />
  </ItemGroup>
  <ItemGroup>
    <ClInclude Include="Alien.h" />
    <ClInclude Include="Andy.h" />
    <ClInclude Include="bullet.h" />
    <ClInclude Include="mainMenu.h" />
    <ClInclude Include="runApp.h" />
    <ClInclude Include="mainShip.h" />
    <ClInclude Include="testAndy.h" />
  </ItemGroup>
  <ItemGroup>
    <Image Include="..\..\..\..\OneDrive\Pictures\andy_boss.png" />
    <Image Include="bug1.png" />
    <Image Include="bug2.png" />
    <Image Include="bug3.png" />
    <Image Include="bug4.png" />
    <Image Include="enemy1.png" />
    <Image Include="enemy2.png" />
    <Image Include="enemy3.png" />
    <Image Include="enemy4.png" />
    <Image Include="Image.png" />
    <Image Include="ship.png" />
    <Image Include="Space-Free-PNG-Image.png" />
  </ItemGroup>
</Project>