<?xml version="1.0" encoding="utf-8"?>
<Project ToolsVersion="4.0" xmlns="http://schemas.microsoft.com/developer/msbuild/2003">
  <ItemGroup>
    <ClCompile Include="main.cpp" />
    <ClCompile Include="alien.cpp" />
    <ClCompile Include="andy.cpp" />
    <ClCompile Include="bullet.cpp" />
    <ClCompile Include="mainShip.cpp" />
    <ClCompile Include="mainMenu.cpp" />
    <ClCompile Include="testCases.cpp" />
    <ClCompile Include="runApp.cpp" />
  </ItemGroup>
  <ItemGroup>
    <ClInclude Include="bullet.h">
      <Filter>Header Files</Filter>
    </ClInclude>
    <ClInclude Include="testCases.h">
      <Filter>Header Files</Filter>
    </ClInclude>
    <ClInclude Include="runApp.h">
      <Filter>Header Files</Filter>
    </ClInclude>
    <ClInclude Include="mainShip.h">
      <Filter>Header Files</Filter>
    </ClInclude>
    <ClInclude Include="mainMenu.h">
      <Filter>Header Files</Filter>
    </ClInclude>
    <ClInclude Include="Andy.h">
      <Filter>Header Files</Filter>
    </ClInclude>
    <ClInclude Include="Alien.h">
      <Filter>Header Files</Filter>
    </ClInclude>
  </ItemGroup>
  <ItemGroup>
    <Image Include="resources\enemy4.png">
      <Filter>Resource Files</Filter>
    </Image>
    <Image Include="resources\enemy3.png">
      <Filter>Resource Files</Filter>
    </Image>
    <Image Include="resources\enemy2.png">
      <Filter>Resource Files</Filter>
    </Image>
    <Image Include="resources\enemy1.png">
      <Filter>Resource Files</Filter>
    </Image>
    <Image Include="resources\andy_boss.png">
      <Filter>Resource Files</Filter>
    </Image>
    <Image Include="resources\ship.png">
      <Filter>Resource Files</Filter>
    </Image>
    <Image Include="resources\Space-Free-PNG-Image.png">
      <Filter>Resource Files</Filter>
    </Image>
  </ItemGroup>
  <ItemGroup>
    <Filter Include="Header Files">
      <UniqueIdentifier>{7b510d56-1738-494b-882c-ee7b329dafeb}</UniqueIdentifier>
    </Filter>
    <Filter Include="Resource Files">
      <UniqueIdentifier>{66eedd7f-7f28-46a9-8053-1203abbbc261}</UniqueIdentifier>
    </Filter>
  </ItemGroup>
  <ItemGroup>
    <Font Include="resources\ARCADECLASSIC.TTF">
      <Filter>Resource Files</Filter>
    </Font>
  </ItemGroup>
</Project>